
Microsoft Visual Studio Solution File, Format Version 12.00
# Visual Studio Version 17
VisualStudioVersion = 17.6.33815.320
MinimumVisualStudioVersion = 10.0.40219.1
Project("{9A19103F-16F7-4668-BE54-9A1E7A4F7556}") = "MAMS", "MAMS\MAMS.csproj", "{346B0C53-6920-491E-B821-C36B3828ED61}"
EndProject
Project("{9A19103F-16F7-4668-BE54-9A1E7A4F7556}") = "MAMS_Models", "MAMS_Models\MAMS_Models.csproj", "{069675A9-8CE9-436B-9A93-FC6B29867F4A}"
EndProject
Project("{9A19103F-16F7-4668-BE54-9A1E7A4F7556}") = "DAL", "DAL\DAL.csproj", "{8F523F42-83A0-427A-9919-FFDE504CB65A}"
EndProject
Project("{9A19103F-16F7-4668-BE54-9A1E7A4F7556}") = "BOL", "BOL\BOL.csproj", "{4948F29B-50BC-4F57-AC93-93F5DA8A9B7A}"
EndProject
Global
	GlobalSection(SolutionConfigurationPlatforms) = preSolution
		Debug|Any CPU = Debug|Any CPU
		Release|Any CPU = Release|Any CPU
	EndGlobalSection
	GlobalSection(ProjectConfigurationPlatforms) = postSolution
		{346B0C53-6920-491E-B821-C36B3828ED61}.Debug|Any CPU.ActiveCfg = Debug|Any CPU
		{346B0C53-6920-491E-B821-C36B3828ED61}.Debug|Any CPU.Build.0 = Debug|Any CPU
		{346B0C53-6920-491E-B821-C36B3828ED61}.Release|Any CPU.ActiveCfg = Release|Any CPU
		{346B0C53-6920-491E-B821-C36B3828ED61}.Release|Any CPU.Build.0 = Release|Any CPU
		{069675A9-8CE9-436B-9A93-FC6B29867F4A}.Debug|Any CPU.ActiveCfg = Debug|Any CPU
		{069675A9-8CE9-436B-9A93-FC6B29867F4A}.Debug|Any CPU.Build.0 = Debug|Any CPU
		{069675A9-8CE9-436B-9A93-FC6B29867F4A}.Release|Any CPU.ActiveCfg = Release|Any CPU
		{069675A9-8CE9-436B-9A93-FC6B29867F4A}.Release|Any CPU.Build.0 = Release|Any CPU
		{8F523F42-83A0-427A-9919-FFDE504CB65A}.Debug|Any CPU.ActiveCfg = Debug|Any CPU
		{8F523F42-83A0-427A-9919-FFDE504CB65A}.Debug|Any CPU.Build.0 = Debug|Any CPU
		{8F523F42-83A0-427A-9919-FFDE504CB65A}.Release|Any CPU.ActiveCfg = Release|Any CPU
		{8F523F42-83A0-427A-9919-FFDE504CB65A}.Release|Any CPU.Build.0 = Release|Any CPU
		{4948F29B-50BC-4F57-AC93-93F5DA8A9B7A}.Debug|Any CPU.ActiveCfg = Debug|Any CPU
		{4948F29B-50BC-4F57-AC93-93F5DA8A9B7A}.Debug|Any CPU.Build.0 = Debug|Any CPU
		{4948F29B-50BC-4F57-AC93-93F5DA8A9B7A}.Release|Any CPU.ActiveCfg = Release|Any CPU
		{4948F29B-50BC-4F57-AC93-93F5DA8A9B7A}.Release|Any CPU.Build.0 = Release|Any CPU
	EndGlobalSection
	GlobalSection(SolutionProperties) = preSolution
		HideSolutionNode = FALSE
	EndGlobalSection
	GlobalSection(ExtensibilityGlobals) = postSolution
		SolutionGuid = {E9BFAA3F-C0C6-4FB1-B50A-274E36C40258}
	EndGlobalSection
EndGlobal
